---
lockfileVersion: 1
lockfileVendor: redhat
arches:
- arch: x86_64
  packages:
  - url: https://cdn-ubi.redhat.com/content/public/ubi/dist/ubi9/9/x86_64/appstream/os/Packages/a/annobin-12.92-1.el9.x86_64.rpm
    repoid: ubi-9-for-x86_64-appstream-rpms
    size: 1106759
    checksum: sha256:3e28996cf349e045628002c66c1ff0bc3977f97e30dfe692f56211d64183d324
    name: annobin
    evr: 12.92-1.el9
    sourcerpm: annobin-12.92-1.el9.src.rpm
  - url: https://cdn-ubi.redhat.com/content/public/ubi/dist/ubi9/9/x86_64/appstream/os/Packages/c/checkpolicy-3.6-1.el9.x86_64.rpm
    repoid: ubi-9-for-x86_64-appstream-rpms
    size: 365931
    checksum: sha256:3d12bc7e21276434108c97561f75d1854283afb73d4fface3b836acee09f8d98
    name: checkpolicy
    evr: 3.6-1.el9
    sourcerpm: checkpolicy-3.6-1.el9.src.rpm
  - url: https://cdn-ubi.redhat.com/content/public/ubi/dist/ubi9/9/x86_64/appstream/os/Packages/c/clang-19.1.7-2.el9.x86_64.rpm
    repoid: ubi-9-for-x86_64-appstream-rpms
    size: 87057
    checksum: sha256:45e1761db186de48ef401d796b2a676f0f6c396fdc576340d22084acbec8ee65
    name: clang
    evr: 19.1.7-2.el9
    sourcerpm: llvm-19.1.7-2.el9.src.rpm
  - url: https://cdn-ubi.redhat.com/content/public/ubi/dist/ubi9/9/x86_64/appstream/os/Packages/c/clang-libs-19.1.7-2.el9.x86_64.rpm
    repoid: ubi-9-for-x86_64-appstream-rpms
    size: 29661529
    checksum: sha256:3a409cbe5739165938c2ace75b9ad316389770d1e6a5f4dd8102088a83efcaff
    name: clang-libs
    evr: 19.1.7-2.el9
    sourcerpm: llvm-19.1.7-2.el9.src.rpm
  - url: https://cdn-ubi.redhat.com/content/public/ubi/dist/ubi9/9/x86_64/appstream/os/Packages/c/clang-resource-filesystem-19.1.7-2.el9.x86_64.rpm
    repoid: ubi-9-for-x86_64-appstream-rpms
    size: 18667
    checksum: sha256:06ddf82255d3edb962691aaa0f6e32ef0730f8328db706af17ef91e08f694a94
    name: clang-resource-filesystem
    evr: 19.1.7-2.el9
    sourcerpm: llvm-19.1.7-2.el9.src.rpm
  - url: https://cdn-ubi.redhat.com/content/public/ubi/dist/ubi9/9/x86_64/appstream/os/Packages/c/cmake-3.26.5-2.el9.x86_64.rpm
    repoid: ubi-9-for-x86_64-appstream-rpms
    size: 9159462
    checksum: sha256:f553370cb02b87e7388697468256556e765b102c2fcb56be6bc250cb2351e8ad
    name: cmake
    evr: 3.26.5-2.el9
    sourcerpm: cmake-3.26.5-2.el9.src.rpm
  - url: https://cdn-ubi.redhat.com/content/public/ubi/dist/ubi9/9/x86_64/appstream/os/Packages/c/cmake-data-3.26.5-2.el9.noarch.rpm
    repoid: ubi-9-for-x86_64-appstream-rpms
    size: 2488227
    checksum: sha256:84da65a7b8921f031d15903d91c5967022620f9e96b7493c8ab8024014755ee7
    name: cmake-data
    evr: 3.26.5-2.el9
    sourcerpm: cmake-3.26.5-2.el9.src.rpm
  - url: https://cdn-ubi.redhat.com/content/public/ubi/dist/ubi9/9/x86_64/appstream/os/Packages/c/cmake-rpm-macros-3.26.5-2.el9.noarch.rpm
    repoid: ubi-9-for-x86_64-appstream-rpms
    size: 12250
    checksum: sha256:1c74969c8a4f21851f5b89f25ac55c689b75bed1318d0435fc3a14a49c39d0e3
    name: cmake-rpm-macros
    evr: 3.26.5-2.el9
    sourcerpm: cmake-3.26.5-2.el9.src.rpm
  - url: https://cdn-ubi.redhat.com/content/public/ubi/dist/ubi9/9/x86_64/appstream/os/Packages/c/compiler-rt-19.1.7-2.el9.x86_64.rpm
    repoid: ubi-9-for-x86_64-appstream-rpms
    size: 2740021
    checksum: sha256:94ebf353f9ac7f6380ad6aaaf6dfa9a45d97d09a1ca8b707ce2021cbb7ecbc28
    name: compiler-rt
    evr: 19.1.7-2.el9
    sourcerpm: llvm-19.1.7-2.el9.src.rpm
  - url: https://cdn-ubi.redhat.com/content/public/ubi/dist/ubi9/9/x86_64/appstream/os/Packages/g/gcc-toolset-14-binutils-2.41-3.el9.x86_64.rpm
    repoid: ubi-9-for-x86_64-appstream-rpms
    size: 6705766
    checksum: sha256:32873da3e4e6b748adbabfc861a470cf819488e815ed13e91d74d10a1456588e
    name: gcc-toolset-14-binutils
    evr: 2.41-3.el9
    sourcerpm: gcc-toolset-14-binutils-2.41-3.el9.src.rpm
  - url: https://cdn-ubi.redhat.com/content/public/ubi/dist/ubi9/9/x86_64/appstream/os/Packages/g/gcc-toolset-14-gcc-14.2.1-7.1.el9.x86_64.rpm
    repoid: ubi-9-for-x86_64-appstream-rpms
    size: 49305209
    checksum: sha256:58e12d4e70fc72055ca88c1d5f9ba05ec6db5b30b1adc888f0812046e21d40e8
    name: gcc-toolset-14-gcc
    evr: 14.2.1-7.1.el9
    sourcerpm: gcc-toolset-14-gcc-14.2.1-7.1.el9.src.rpm
  - url: https://cdn-ubi.redhat.com/content/public/ubi/dist/ubi9/9/x86_64/appstream/os/Packages/g/gcc-toolset-14-gcc-c++-14.2.1-7.1.el9.x86_64.rpm
    repoid: ubi-9-for-x86_64-appstream-rpms
    size: 15461279
    checksum: sha256:4e452996206ddd68550f05f61a645f3f62da573c3d44ed2caf008cb58ee61ba0
    name: gcc-toolset-14-gcc-c++
    evr: 14.2.1-7.1.el9
    sourcerpm: gcc-toolset-14-gcc-14.2.1-7.1.el9.src.rpm
  - url: https://cdn-ubi.redhat.com/content/public/ubi/dist/ubi9/9/x86_64/appstream/os/Packages/g/gcc-toolset-14-libstdc++-devel-14.2.1-7.1.el9.x86_64.rpm
    repoid: ubi-9-for-x86_64-appstream-rpms
    size: 3829766
    checksum: sha256:6bbdf338a40ce4775a59d19368865f0c538be548f00a85c79fc9e8a2f411d226
    name: gcc-toolset-14-libstdc++-devel
    evr: 14.2.1-7.1.el9
    sourcerpm: gcc-toolset-14-gcc-14.2.1-7.1.el9.src.rpm
  - url: https://cdn-ubi.redhat.com/content/public/ubi/dist/ubi9/9/x86_64/appstream/os/Packages/g/gcc-toolset-14-runtime-14.0-1.el9.x86_64.rpm
    repoid: ubi-9-for-x86_64-appstream-rpms
    size: 63200
    checksum: sha256:fccde11b2c1cdf323923829f70631dfa39bc76444bfd1e00e399c21e99a68d30
    name: gcc-toolset-14-runtime
    evr: 14.0-1.el9
    sourcerpm: gcc-toolset-14-14.0-1.el9.src.rpm
  - url: https://cdn-ubi.redhat.com/content/public/ubi/dist/ubi9/9/x86_64/appstream/os/Packages/l/libomp-19.1.7-2.el9.x86_64.rpm
    repoid: ubi-9-for-x86_64-appstream-rpms
    size: 697249
    checksum: sha256:fa7adbb02b4e72ac4b2d205250d4a6109ea2136c5be3eed43bf505f19a5dd7df
    name: libomp
    evr: 19.1.7-2.el9
    sourcerpm: llvm-19.1.7-2.el9.src.rpm
  - url: https://cdn-ubi.redhat.com/content/public/ubi/dist/ubi9/9/x86_64/appstream/os/Packages/l/libomp-devel-19.1.7-2.el9.x86_64.rpm
    repoid: ubi-9-for-x86_64-appstream-rpms
    size: 670405
    checksum: sha256:e8160798221be20eb1dd546cb845fb19c07412237df02b4604d7b9f030e96b9a
    name: libomp-devel
    evr: 19.1.7-2.el9
    sourcerpm: llvm-19.1.7-2.el9.src.rpm
  - url: https://cdn-ubi.redhat.com/content/public/ubi/dist/ubi9/9/x86_64/appstream/os/Packages/l/libselinux-devel-3.6-3.el9.x86_64.rpm
    repoid: ubi-9-for-x86_64-appstream-rpms
    size: 166987
    checksum: sha256:7a6edd1eea0907f10a43ca35b1d0845a72d25901c6fe037bb9cd0a7876c7c338
    name: libselinux-devel
    evr: 3.6-3.el9
    sourcerpm: libselinux-3.6-3.el9.src.rpm
  - url: https://cdn-ubi.redhat.com/content/public/ubi/dist/ubi9/9/x86_64/appstream/os/Packages/l/libuv-1.42.0-2.el9_4.x86_64.rpm
    repoid: ubi-9-for-x86_64-appstream-rpms
    size: 154427
    checksum: sha256:e1fab39251239ccaad2fb4dbe6c55ec1ae60f76d4ae81582b06e6a58e30879b2
    name: libuv
    evr: 1:1.42.0-2.el9_4
    sourcerpm: libuv-1.42.0-2.el9_4.src.rpm
  - url: https://cdn-ubi.redhat.com/content/public/ubi/dist/ubi9/9/x86_64/appstream/os/Packages/l/llvm-19.1.7-2.el9.x86_64.rpm
    repoid: ubi-9-for-x86_64-appstream-rpms
    size: 21907619
    checksum: sha256:f0b5ab76a70b0a497aa301abcf9921fd2fad4d31f263cff8d50103444fcf01cf
    name: llvm
    evr: 19.1.7-2.el9
    sourcerpm: llvm-19.1.7-2.el9.src.rpm
  - url: https://cdn-ubi.redhat.com/content/public/ubi/dist/ubi9/9/x86_64/appstream/os/Packages/l/llvm-libs-19.1.7-2.el9.x86_64.rpm
    repoid: ubi-9-for-x86_64-appstream-rpms
    size: 30399454
    checksum: sha256:168c8d2d7ed92d3a77c2d8ba898b3506a483a623674072d057606cb29d2e3b87
    name: llvm-libs
    evr: 19.1.7-2.el9
    sourcerpm: llvm-19.1.7-2.el9.src.rpm
  - url: https://cdn-ubi.redhat.com/content/public/ubi/dist/ubi9/9/x86_64/appstream/os/Packages/p/policycoreutils-python-utils-3.6-2.1.el9.noarch.rpm
    repoid: ubi-9-for-x86_64-appstream-rpms
    size: 82931
    checksum: sha256:fcbe07b75cd10b0a2752d558a8b7750cb13b59473439701d8c568195f05c3805
    name: policycoreutils-python-utils
    evr: 3.6-2.1.el9
    sourcerpm: policycoreutils-3.6-2.1.el9.src.rpm
  - url: https://cdn-ubi.redhat.com/content/public/ubi/dist/ubi9/9/x86_64/appstream/os/Packages/p/python3-audit-3.1.5-4.el9.x86_64.rpm
    repoid: ubi-9-for-x86_64-appstream-rpms
    size: 88009
    checksum: sha256:023ddd2c1dda3422bc1b067e562b39621eaefdf778efd0dae07fc144ba188fb5
    name: python3-audit
    evr: 3.1.5-4.el9
    sourcerpm: audit-3.1.5-4.el9.src.rpm
  - url: https://cdn-ubi.redhat.com/content/public/ubi/dist/ubi9/9/x86_64/appstream/os/Packages/p/python3-distro-1.5.0-7.el9.noarch.rpm
    repoid: ubi-9-for-x86_64-appstream-rpms
    size: 41452
    checksum: sha256:5cf4276217a72649895226707d4c0e3edd6ea64b66702793fab3907177c73069
    name: python3-distro
    evr: 1.5.0-7.el9
    sourcerpm: python-distro-1.5.0-7.el9.src.rpm
  - url: https://cdn-ubi.redhat.com/content/public/ubi/dist/ubi9/9/x86_64/appstream/os/Packages/p/python3-libselinux-3.6-3.el9.x86_64.rpm
    repoid: ubi-9-for-x86_64-appstream-rpms
    size: 196472
    checksum: sha256:7af821a0ee7c7b56df79de25fe35cc2d0fd6f45df5c3bcec2c5e72d7378ba265
    name: python3-libselinux
    evr: 3.6-3.el9
    sourcerpm: libselinux-3.6-3.el9.src.rpm
  - url: https://cdn-ubi.redhat.com/content/public/ubi/dist/ubi9/9/x86_64/appstream/os/Packages/p/python3-libsemanage-3.6-5.el9_6.x86_64.rpm
    repoid: ubi-9-for-x86_64-appstream-rpms
    size: 82730
    checksum: sha256:8a17df19f0ff5dbb98fe608999cb2370983d8565658df01d0993b3028cbf28d6
    name: python3-libsemanage
    evr: 3.6-5.el9_6
    sourcerpm: libsemanage-3.6-5.el9_6.src.rpm
  - url: https://cdn-ubi.redhat.com/content/public/ubi/dist/ubi9/9/x86_64/appstream/os/Packages/p/python3-policycoreutils-3.6-2.1.el9.noarch.rpm
    repoid: ubi-9-for-x86_64-appstream-rpms
    size: 2216589
    checksum: sha256:7dbe7be855cc83e372add890e9e0c5256ef57132d9731b5db204c425bf21b194
    name: python3-policycoreutils
    evr: 3.6-2.1.el9
    sourcerpm: policycoreutils-3.6-2.1.el9.src.rpm
  - url: https://cdn-ubi.redhat.com/content/public/ubi/dist/ubi9/9/x86_64/baseos/os/Packages/a/audit-libs-3.1.5-4.el9.x86_64.rpm
    repoid: ubi-9-for-x86_64-baseos-rpms
    size: 127977
    checksum: sha256:ab86c7bd1a87a0f613e99af5c6d2e7da662fc1e9bd826ec68384b1115f09fe31
    name: audit-libs
    evr: 3.1.5-4.el9
    sourcerpm: audit-3.1.5-4.el9.src.rpm
  - url: https://cdn-ubi.redhat.com/content/public/ubi/dist/ubi9/9/x86_64/baseos/os/Packages/j/jansson-2.14-1.el9.x86_64.rpm
    repoid: ubi-9-for-x86_64-baseos-rpms
    size: 49137
    checksum: sha256:4e9aec51ee46d7265d6edd1245b5d5ab5e8336dc2a4ca17f2cace2ce8bae3761
    name: jansson
    evr: 2.14-1.el9
    sourcerpm: jansson-2.14-1.el9.src.rpm
  - url: https://cdn-ubi.redhat.com/content/public/ubi/dist/ubi9/9/x86_64/baseos/os/Packages/l/libatomic-11.5.0-5.el9_5.x86_64.rpm
    repoid: ubi-9-for-x86_64-baseos-rpms
    size: 28095
    checksum: sha256:f319f76d1b4f3c82cc2cf8eee5b3c170a1d6f5c1c72d7790141307159572578a
    name: libatomic
    evr: 11.5.0-5.el9_5
    sourcerpm: gcc-11.5.0-5.el9_5.src.rpm
  - url: https://cdn-ubi.redhat.com/content/public/ubi/dist/ubi9/9/x86_64/baseos/os/Packages/l/libselinux-3.6-3.el9.x86_64.rpm
    repoid: ubi-9-for-x86_64-baseos-rpms
    size: 89722
    checksum: sha256:ce1cc63a7212c39f5f2a35f719ee38d6418cf081ea78c9317f388d9f41e4a627
    name: libselinux
    evr: 3.6-3.el9
    sourcerpm: libselinux-3.6-3.el9.src.rpm
  - url: https://cdn-ubi.redhat.com/content/public/ubi/dist/ubi9/9/x86_64/baseos/os/Packages/l/libselinux-utils-3.6-3.el9.x86_64.rpm
    repoid: ubi-9-for-x86_64-baseos-rpms
    size: 198410
    checksum: sha256:e5d79885864cd5b2a307065b43ba1af1523ec7ac26eace2717c70ede1b6e4c56
    name: libselinux-utils
    evr: 3.6-3.el9
    sourcerpm: libselinux-3.6-3.el9.src.rpm
  - url: https://cdn-ubi.redhat.com/content/public/ubi/dist/ubi9/9/x86_64/baseos/os/Packages/l/libsemanage-3.6-5.el9_6.x86_64.rpm
    repoid: ubi-9-for-x86_64-baseos-rpms
    size: 123449
    checksum: sha256:7ac29f46714cd762f18a52e9807fd1766b0cf9e0388aa3d9befaabf8785a01e3
    name: libsemanage
    evr: 3.6-5.el9_6
    sourcerpm: libsemanage-3.6-5.el9_6.src.rpm
  - url: https://cdn-ubi.redhat.com/content/public/ubi/dist/ubi9/9/x86_64/baseos/os/Packages/p/policycoreutils-3.6-2.1.el9.x86_64.rpm
    repoid: ubi-9-for-x86_64-baseos-rpms
    size: 251967
    checksum: sha256:8dcd39960d3103f7a4ad2b9f7a0e15469ebf4da98f6c215cddfffdb830dc12b5
    name: policycoreutils
    evr: 3.6-2.1.el9
    sourcerpm: policycoreutils-3.6-2.1.el9.src.rpm
  - url: https://cdn-ubi.redhat.com/content/public/ubi/dist/ubi9/9/x86_64/baseos/os/Packages/p/python3-setools-4.4.4-1.el9.x86_64.rpm
    repoid: ubi-9-for-x86_64-baseos-rpms
    size: 623460
    checksum: sha256:91946d729d2b03b4abe1c43962f22d110468db0163241cda7b1d549c615d0261
    name: python3-setools
    evr: 4.4.4-1.el9
    sourcerpm: setools-4.4.4-1.el9.src.rpm
  source:
  - url: https://cdn-ubi.redhat.com/content/public/ubi/dist/ubi9/9/x86_64/appstream/source/SRPMS/Packages/a/annobin-12.92-1.el9.src.rpm
    repoid: ubi-9-for-x86_64-appstream-source-rpms
    size: 998524
    checksum: sha256:65ee4ea686dfa6a8da136896ff590fb476248e998a14c38b28713a34a23cf1b9
    name: annobin
    evr: 12.92-1.el9
  - url: https://cdn-ubi.redhat.com/content/public/ubi/dist/ubi9/9/x86_64/appstream/source/SRPMS/Packages/c/checkpolicy-3.6-1.el9.src.rpm
    repoid: ubi-9-for-x86_64-appstream-source-rpms
    size: 94887
    checksum: sha256:37868cfff2b89ed3fa75621cd498861e37c8a450e4db066395acfee392b12f8a
    name: checkpolicy
    evr: 3.6-1.el9
  - url: https://cdn-ubi.redhat.com/content/public/ubi/dist/ubi9/9/x86_64/appstream/source/SRPMS/Packages/c/cmake-3.26.5-2.el9.src.rpm
    repoid: ubi-9-for-x86_64-appstream-source-rpms
    size: 10671338
    checksum: sha256:2f86bb96562eaf679969c2716738fbdfcc8a3966ecc3bb6317596fe2e214ea2b
    name: cmake
    evr: 3.26.5-2.el9
  - url: https://cdn-ubi.redhat.com/content/public/ubi/dist/ubi9/9/x86_64/appstream/source/SRPMS/Packages/g/gcc-toolset-14-14.0-1.el9.src.rpm
    repoid: ubi-9-for-x86_64-appstream-source-rpms
    size: 14934
    checksum: sha256:32546c1245cc5981d767205b75163e303eb47731ae28a3f1cbd6b7ccf27c50fc
    name: gcc-toolset-14
    evr: 14.0-1.el9
  - url: https://cdn-ubi.redhat.com/content/public/ubi/dist/ubi9/9/x86_64/appstream/source/SRPMS/Packages/g/gcc-toolset-14-binutils-2.41-3.el9.src.rpm
    repoid: ubi-9-for-x86_64-appstream-source-rpms
    size: 27311050
    checksum: sha256:52969a49540bceef0d9fbae68dffa7d1fd7261fc4fca412adc4f07be7f8b4c44
    name: gcc-toolset-14-binutils
    evr: 2.41-3.el9
  - url: https://cdn-ubi.redhat.com/content/public/ubi/dist/ubi9/9/x86_64/appstream/source/SRPMS/Packages/g/gcc-toolset-14-gcc-14.2.1-7.1.el9.src.rpm
    repoid: ubi-9-for-x86_64-appstream-source-rpms
    size: 93034314
    checksum: sha256:6eb092c21171986b5323a1873ba1d09b132dcccb4566d00e6e776cbbbac05c13
    name: gcc-toolset-14-gcc
    evr: 14.2.1-7.1.el9
  - url: https://cdn-ubi.redhat.com/content/public/ubi/dist/ubi9/9/x86_64/appstream/source/SRPMS/Packages/l/libuv-1.42.0-2.el9_4.src.rpm
    repoid: ubi-9-for-x86_64-appstream-source-rpms
    size: 1300269
    checksum: sha256:f9dfa0dc965675730184604570c6a2aa95ddc2dfa6a7cb209514b1e744a4e3d7
    name: libuv
    evr: 1:1.42.0-2.el9_4
  - url: https://cdn-ubi.redhat.com/content/public/ubi/dist/ubi9/9/x86_64/appstream/source/SRPMS/Packages/l/llvm-19.1.7-2.el9.src.rpm
    repoid: ubi-9-for-x86_64-appstream-source-rpms
    size: 141371853
    checksum: sha256:2da62e4083e0f9ff5ca3d5ffc794682ff16004b2f0b38b4a103e34d18dbd322e
    name: llvm
    evr: 19.1.7-2.el9
  - url: https://cdn-ubi.redhat.com/content/public/ubi/dist/ubi9/9/x86_64/appstream/source/SRPMS/Packages/p/python-distro-1.5.0-7.el9.src.rpm
    repoid: ubi-9-for-x86_64-appstream-source-rpms
    size: 66472
    checksum: sha256:cb263958210ce5470439a4123f81f79765eda41f07709d840c13f72875db9c4b
    name: python-distro
    evr: 1.5.0-7.el9
  - url: https://cdn-ubi.redhat.com/content/public/ubi/dist/ubi9/9/x86_64/baseos/source/SRPMS/Packages/a/audit-3.1.5-4.el9.src.rpm
    repoid: ubi-9-for-x86_64-baseos-source-rpms
    size: 1262288
    checksum: sha256:f589dc92fde418c7945245488cc084d565ece3995af808e741c5aa28c87a648a
    name: audit
    evr: 3.1.5-4.el9
  - url: https://cdn-ubi.redhat.com/content/public/ubi/dist/ubi9/9/x86_64/baseos/source/SRPMS/Packages/g/gcc-11.5.0-5.el9_5.src.rpm
    repoid: ubi-9-for-x86_64-baseos-source-rpms
    size: 81877102
    checksum: sha256:ed35dd39cd89aec444199a916667169638150fd12199dbb3c3d2638e43121565
    name: gcc
    evr: 11.5.0-5.el9_5
  - url: https://cdn-ubi.redhat.com/content/public/ubi/dist/ubi9/9/x86_64/baseos/source/SRPMS/Packages/j/jansson-2.14-1.el9.src.rpm
    repoid: ubi-9-for-x86_64-baseos-source-rpms
    size: 447607
    checksum: sha256:f15174491e4b92ca0c70b85b57cc8eac4373c424fc1c78e6bf492f99f28cb77b
    name: jansson
    evr: 2.14-1.el9
  - url: https://cdn-ubi.redhat.com/content/public/ubi/dist/ubi9/9/x86_64/baseos/source/SRPMS/Packages/l/libselinux-3.6-3.el9.src.rpm
    repoid: ubi-9-for-x86_64-baseos-source-rpms
    size: 271153
    checksum: sha256:a08a84389665ef614eb6d9b06a53128eab89b650c799c0558f3ae04df97c4b13
    name: libselinux
    evr: 3.6-3.el9
  - url: https://cdn-ubi.redhat.com/content/public/ubi/dist/ubi9/9/x86_64/baseos/source/SRPMS/Packages/l/libsemanage-3.6-5.el9_6.src.rpm
    repoid: ubi-9-for-x86_64-baseos-source-rpms
    size: 223978
    checksum: sha256:33e4ad8374bdaa1dd4b4a46b2b379d025590d80e5d666801aea4f437a9a6ccd9
    name: libsemanage
    evr: 3.6-5.el9_6
  - url: https://cdn-ubi.redhat.com/content/public/ubi/dist/ubi9/9/x86_64/baseos/source/SRPMS/Packages/p/policycoreutils-3.6-2.1.el9.src.rpm
    repoid: ubi-9-for-x86_64-baseos-source-rpms
    size: 7982064
    checksum: sha256:3ee0c11e4cb602eb81993a8492688246c3d750bc0f592ba895dbce0aa734580a
    name: policycoreutils
    evr: 3.6-2.1.el9
  - url: https://cdn-ubi.redhat.com/content/public/ubi/dist/ubi9/9/x86_64/baseos/source/SRPMS/Packages/s/setools-4.4.4-1.el9.src.rpm
    repoid: ubi-9-for-x86_64-baseos-source-rpms
    size: 416171
    checksum: sha256:6e57d0e6a49d784f9ac26173e7dc42ccdb7cf82f174c5c7b0a04e19551058fc6
    name: setools
    evr: 4.4.4-1.el9
  module_metadata: []
